
Microsoft Visual Studio Solution File, Format Version 12.00
# Visual Studio Version 17
VisualStudioVersion = 17.1.32228.430
MinimumVisualStudioVersion = 10.0.40219.1
Project("{9A19103F-16F7-4668-BE54-9A1E7A4F7556}") = "FlashCards", "FlashCards.csproj", "{A524792E-FE95-4837-8D61-E79D525451B4}"
EndProject
Project("{FAE04EC0-301F-11D3-BF4B-00C04F79EFBC}") = "FlashCards.Tests", "..\FlashCards.Tests\FlashCards.Tests.csproj", "{6BDBE96B-4318-4980-B919-6B9A4B9500EA}"
EndProject
Global
	GlobalSection(SolutionConfigurationPlatforms) = preSolution
		Debug|Any CPU = Debug|Any CPU
		Release|Any CPU = Release|Any CPU
	EndGlobalSection
	GlobalSection(ProjectConfigurationPlatforms) = postSolution
		{A524792E-FE95-4837-8D61-E79D525451B4}.Debug|Any CPU.ActiveCfg = Debug|Any CPU
		{A524792E-FE95-4837-8D61-E79D525451B4}.Debug|Any CPU.Build.0 = Debug|Any CPU
		{A524792E-FE95-4837-8D61-E79D525451B4}.Release|Any CPU.ActiveCfg = Release|Any CPU
		{A524792E-FE95-4837-8D61-E79D525451B4}.Release|Any CPU.Build.0 = Release|Any CPU
		{6BDBE96B-4318-4980-B919-6B9A4B9500EA}.Debug|Any CPU.ActiveCfg = Debug|Any CPU
		{6BDBE96B-4318-4980-B919-6B9A4B9500EA}.Debug|Any CPU.Build.0 = Debug|Any CPU
		{6BDBE96B-4318-4980-B919-6B9A4B9500EA}.Release|Any CPU.ActiveCfg = Release|Any CPU
		{6BDBE96B-4318-4980-B919-6B9A4B9500EA}.Release|Any CPU.Build.0 = Release|Any CPU
	EndGlobalSection
	GlobalSection(SolutionProperties) = preSolution
		HideSolutionNode = FALSE
	EndGlobalSection
	GlobalSection(ExtensibilityGlobals) = postSolution
		SolutionGuid = {347FC9F6-B1C4-46F2-B5DB-949EBFD450DA}
	EndGlobalSection
EndGlobal
